
Microsoft Visual Studio Solution File, Format Version 12.00
# Visual Studio 15
VisualStudioVersion = 15.0.28307.1972
MinimumVisualStudioVersion = 10.0.40219.1
Project("{8BC9CEB8-8B4A-11D0-8D11-00A0C91BC942}") = "ConsoleApplication11", "ConsoleApplication11\ConsoleApplication11.vcxproj", "{085615C0-5BC5-4B2A-A8A5-A669FE771050}"
EndProject
Global
	GlobalSection(SolutionConfigurationPlatforms) = preSolution
		Debug|x64 = Debug|x64
		Debug|x86 = Debug|x86
		Release|x64 = Release|x64
		Release|x86 = Release|x86
	EndGlobalSection
	GlobalSection(ProjectConfigurationPlatforms) = postSolution
		{085615C0-5BC5-4B2A-A8A5-A669FE771050}.Debug|x64.ActiveCfg = Debug|x64
		{085615C0-5BC5-4B2A-A8A5-A669FE771050}.Debug|x64.Build.0 = Debug|x64
		{085615C0-5BC5-4B2A-A8A5-A669FE771050}.Debug|x86.ActiveCfg = Debug|Win32
		{085615C0-5BC5-4B2A-A8A5-A669FE771050}.Debug|x86.Build.0 = Debug|Win32
		{085615C0-5BC5-4B2A-A8A5-A669FE771050}.Release|x64.ActiveCfg = Release|x64
		{085615C0-5BC5-4B2A-A8A5-A669FE771050}.Release|x64.Build.0 = Release|x64
		{085615C0-5BC5-4B2A-A8A5-A669FE771050}.Release|x86.ActiveCfg = Release|Win32
		{085615C0-5BC5-4B2A-A8A5-A669FE771050}.Release|x86.Build.0 = Release|Win32
	EndGlobalSection
	GlobalSection(SolutionProperties) = preSolution
		HideSolutionNode = FALSE
	EndGlobalSection
	GlobalSection(ExtensibilityGlobals) = postSolution
		SolutionGuid = {42E99DB6-CE29-46D3-B8D6-96DEA7F42249}
	EndGlobalSection
EndGlobal
